
Microsoft Visual Studio Solution File, Format Version 12.00
# Visual Studio 14
VisualStudioVersion = 14.0.25420.1
MinimumVisualStudioVersion = 10.0.40219.1
Project("{2150E333-8FDC-42A3-9474-1A3956D46DE8}") = "Solution Items", "Solution Items", "{A5AF2C2D-FB7D-4AD3-831B-DDFC4A5EF7BD}"
	ProjectSection(SolutionItems) = preProject
		global.json = global.json
		LICENSE.md = LICENSE.md
		README.md = README.md
	EndProjectSection
EndProject
Project("{2150E333-8FDC-42A3-9474-1A3956D46DE8}") = "scripts", "scripts", "{5208A1DE-8F25-4FD7-BBA5-19CF895F5FAE}"
	ProjectSection(SolutionItems) = preProject
		scripts\install-full.sql = scripts\install-full.sql
	EndProjectSection
EndProject
Project("{8BB2217D-0F2D-49D1-97BC-3654ED321F3B}") = "Weapsy", "src\Weapsy\Weapsy.xproj", "{C15007A2-B56B-409C-845D-033FAC88BD28}"
EndProject
Project("{2150E333-8FDC-42A3-9474-1A3956D46DE8}") = "src", "src", "{4B88B263-F583-45FA-8185-8A1388A0A5BD}"
EndProject
Project("{2150E333-8FDC-42A3-9474-1A3956D46DE8}") = "test", "test", "{186F12D9-DAFF-47BC-83E1-33A1BBD2D57F}"
EndProject
Project("{8BB2217D-0F2D-49D1-97BC-3654ED321F3B}") = "Weapsy.Services", "src\Weapsy.Services\Weapsy.Services.xproj", "{7F4A3290-F75E-4532-99DE-2300B045E599}"
EndProject
Project("{8BB2217D-0F2D-49D1-97BC-3654ED321F3B}") = "Weapsy.Domain", "src\Weapsy.Domain\Weapsy.Domain.xproj", "{9CECACE1-9A84-4E9F-8BC7-6C8FA9F00C64}"
EndProject
Project("{8BB2217D-0F2D-49D1-97BC-3654ED321F3B}") = "Weapsy.DependencyConfigurator", "src\Weapsy.DependencyConfigurator\Weapsy.DependencyConfigurator.xproj", "{5831A5F8-247C-43A5-AD67-13A48087A9D0}"
EndProject
Project("{8BB2217D-0F2D-49D1-97BC-3654ED321F3B}") = "Weapsy.Domain.Data", "src\Weapsy.Domain.Data\Weapsy.Domain.Data.xproj", "{B93D41E2-9DB5-44B0-AD45-B66EDEC4CAE4}"
EndProject
Project("{8BB2217D-0F2D-49D1-97BC-3654ED321F3B}") = "Weapsy.Domain.EventStore.SqlServer", "src\Weapsy.Domain.EventStore.SqlServer\Weapsy.Domain.EventStore.SqlServer.xproj", "{9E3BB57E-785D-415C-A37A-F29F7E5F01DC}"
EndProject
Project("{8BB2217D-0F2D-49D1-97BC-3654ED321F3B}") = "Weapsy.Reporting", "src\Weapsy.Reporting\Weapsy.Reporting.xproj", "{EBC6DF39-AC4B-47F7-AA49-7A006C581FFE}"
EndProject
Project("{8BB2217D-0F2D-49D1-97BC-3654ED321F3B}") = "Weapsy.Reporting.Data", "src\Weapsy.Reporting.Data\Weapsy.Reporting.Data.xproj", "{C37EDE81-9FFD-445E-994A-9FCBFEEB4F8F}"
EndProject
Project("{8BB2217D-0F2D-49D1-97BC-3654ED321F3B}") = "Weapsy.Domain.Data.Tests", "test\Weapsy.Domain.Data.Tests\Weapsy.Domain.Data.Tests.xproj", "{36C51DBE-A282-4799-82DE-2DE0F922061C}"
EndProject
Project("{8BB2217D-0F2D-49D1-97BC-3654ED321F3B}") = "Weapsy.Domain.Tests", "test\Weapsy.Domain.Tests\Weapsy.Domain.Tests.xproj", "{33816E01-0D28-4179-BC0C-148AE304DD31}"
EndProject
Project("{8BB2217D-0F2D-49D1-97BC-3654ED321F3B}") = "Weapsy.Reporting.Data.Tests", "test\Weapsy.Reporting.Data.Tests\Weapsy.Reporting.Data.Tests.xproj", "{4976DE78-9077-4657-A61E-FF8FAC2C8D01}"
EndProject
Project("{8BB2217D-0F2D-49D1-97BC-3654ED321F3B}") = "Weapsy.Tests", "test\Weapsy.Tests\Weapsy.Tests.xproj", "{BE8A579E-74C4-4D09-A8EF-124E0D497D6F}"
EndProject
Project("{8BB2217D-0F2D-49D1-97BC-3654ED321F3B}") = "Weapsy.Apps.Text", "src\Apps\Weapsy.Apps.Text\Weapsy.Apps.Text.xproj", "{D4600A1C-A4C1-45DB-B509-4A0127E769C5}"
EndProject
Project("{8BB2217D-0F2D-49D1-97BC-3654ED321F3B}") = "Weapsy.Mvc", "src\Weapsy.Mvc\Weapsy.Mvc.xproj", "{C2BABD9E-32EA-4662-BF7C-7D964461F670}"
EndProject
Project("{2150E333-8FDC-42A3-9474-1A3956D46DE8}") = "Apps", "Apps", "{61B860DE-28B3-4AF0-86DF-465AE1D5F20E}"
EndProject
Project("{2150E333-8FDC-42A3-9474-1A3956D46DE8}") = "Text", "Text", "{04FB00FB-E608-47A1-B1EB-AAF4706AB47A}"
EndProject
Project("{8BB2217D-0F2D-49D1-97BC-3654ED321F3B}") = "Weapsy.Apps.Text.Tests", "test\Apps\Weapsy.Apps.Text.Tests\Weapsy.Apps.Text.Tests.xproj", "{777425A2-3F83-4DB4-990F-24D3B4601F39}"
EndProject
Project("{8BB2217D-0F2D-49D1-97BC-3654ED321F3B}") = "Weapsy.Tests.Factories", "test\Weapsy.Tests.Factories\Weapsy.Tests.Factories.xproj", "{D700186B-5CC1-477C-AE43-E1D089D687F9}"
EndProject
Project("{8BB2217D-0F2D-49D1-97BC-3654ED321F3B}") = "Weapsy.Services.Tests", "test\Weapsy.Services.Tests\Weapsy.Services.Tests.xproj", "{D34B8779-DAB7-4311-BF1F-EEF2098052D6}"
EndProject
Project("{8BB2217D-0F2D-49D1-97BC-3654ED321F3B}") = "Weapsy.Infrastructure", "src\Weapsy.Infrastructure\Weapsy.Infrastructure.xproj", "{649C3397-8AE5-4CE5-85D5-06765EB9F65A}"
EndProject
Project("{8BB2217D-0F2D-49D1-97BC-3654ED321F3B}") = "Weapsy.Infrastructure.Tests", "test\Weapsy.Infrastructure.Tests\Weapsy.Infrastructure.Tests.xproj", "{D48CB11C-AC88-4486-9E5F-1C597EE0F38D}"
EndProject
Project("{8BB2217D-0F2D-49D1-97BC-3654ED321F3B}") = "Weapsy.Data", "src\Weapsy.Data\Weapsy.Data.xproj", "{E3396940-7592-4BBA-AD44-87DDD930F069}"
EndProject
Project("{8BB2217D-0F2D-49D1-97BC-3654ED321F3B}") = "Weapsy.Tests.Shared", "test\Weapsy.Tests.Shared\Weapsy.Tests.Shared.xproj", "{78BB78D3-B95D-4ED6-88B7-38062D0F8469}"
EndProject
Project("{2150E333-8FDC-42A3-9474-1A3956D46DE8}") = "Core", "Core", "{72F87378-93E9-4893-BE86-61A6723DD348}"
EndProject
Project("{2150E333-8FDC-42A3-9474-1A3956D46DE8}") = "Clients", "Clients", "{078B4602-971D-4652-93B9-94F2C4380A8C}"
EndProject
Project("{2150E333-8FDC-42A3-9474-1A3956D46DE8}") = "Apps", "Apps", "{DB8FBD26-B48B-4B13-A4FE-F666194245AB}"
EndProject
Project("{2150E333-8FDC-42A3-9474-1A3956D46DE8}") = "Text", "Text", "{406119AC-E813-4C20-979B-DC21AE95A80B}"
EndProject
Project("{2150E333-8FDC-42A3-9474-1A3956D46DE8}") = "Core", "Core", "{ADF8C7D6-E4EE-4E8A-91D2-143603474EC7}"
EndProject
Project("{2150E333-8FDC-42A3-9474-1A3956D46DE8}") = "Clients", "Clients", "{C8FD0F0C-9C57-4AEC-887D-3105CA866533}"
EndProject
Project("{8BB2217D-0F2D-49D1-97BC-3654ED321F3B}") = "Weapsy.Data.Providers.MSSQL", "src\Weapsy.Data.Providers.MSSQL\Weapsy.Data.Providers.MSSQL.xproj", "{74961DDF-81A3-4422-8123-34F8782019D2}"
EndProject
Project("{8BB2217D-0F2D-49D1-97BC-3654ED321F3B}") = "Weapsy.Data.Providers.SQLite", "src\Weapsy.Data.Providers.SQLite\Weapsy.Data.Providers.SQLite.xproj", "{4DAC0E7B-C80F-48C0-B9EA-B5BB22153555}"
EndProject
Project("{8BB2217D-0F2D-49D1-97BC-3654ED321F3B}") = "Weapsy.Data.Providers.MySQL", "src\Weapsy.Data.Providers.MySQL\Weapsy.Data.Providers.MySQL.xproj", "{16C383D8-203C-4060-A951-7D447BC108C7}"
EndProject
Project("{8BB2217D-0F2D-49D1-97BC-3654ED321F3B}") = "Weapsy.Data.Providers.PostgreSQL", "src\Weapsy.Data.Providers.PostgreSQL\Weapsy.Data.Providers.PostgreSQL.xproj", "{203DD431-B311-437D-87A1-C5C27C1C0129}"
EndProject
Global
	GlobalSection(SolutionConfigurationPlatforms) = preSolution
		Debug|Any CPU = Debug|Any CPU
		Release|Any CPU = Release|Any CPU
	EndGlobalSection
	GlobalSection(ProjectConfigurationPlatforms) = postSolution
		{C15007A2-B56B-409C-845D-033FAC88BD28}.Debug|Any CPU.ActiveCfg = Debug|Any CPU
		{C15007A2-B56B-409C-845D-033FAC88BD28}.Debug|Any CPU.Build.0 = Debug|Any CPU
		{C15007A2-B56B-409C-845D-033FAC88BD28}.Release|Any CPU.ActiveCfg = Release|Any CPU
		{C15007A2-B56B-409C-845D-033FAC88BD28}.Release|Any CPU.Build.0 = Release|Any CPU
		{7F4A3290-F75E-4532-99DE-2300B045E599}.Debug|Any CPU.ActiveCfg = Debug|Any CPU
		{7F4A3290-F75E-4532-99DE-2300B045E599}.Debug|Any CPU.Build.0 = Debug|Any CPU
		{7F4A3290-F75E-4532-99DE-2300B045E599}.Release|Any CPU.ActiveCfg = Release|Any CPU
		{7F4A3290-F75E-4532-99DE-2300B045E599}.Release|Any CPU.Build.0 = Release|Any CPU
		{9CECACE1-9A84-4E9F-8BC7-6C8FA9F00C64}.Debug|Any CPU.ActiveCfg = Debug|Any CPU
		{9CECACE1-9A84-4E9F-8BC7-6C8FA9F00C64}.Debug|Any CPU.Build.0 = Debug|Any CPU
		{9CECACE1-9A84-4E9F-8BC7-6C8FA9F00C64}.Release|Any CPU.ActiveCfg = Release|Any CPU
		{9CECACE1-9A84-4E9F-8BC7-6C8FA9F00C64}.Release|Any CPU.Build.0 = Release|Any CPU
		{5831A5F8-247C-43A5-AD67-13A48087A9D0}.Debug|Any CPU.ActiveCfg = Debug|Any CPU
		{5831A5F8-247C-43A5-AD67-13A48087A9D0}.Debug|Any CPU.Build.0 = Debug|Any CPU
		{5831A5F8-247C-43A5-AD67-13A48087A9D0}.Release|Any CPU.ActiveCfg = Release|Any CPU
		{5831A5F8-247C-43A5-AD67-13A48087A9D0}.Release|Any CPU.Build.0 = Release|Any CPU
		{B93D41E2-9DB5-44B0-AD45-B66EDEC4CAE4}.Debug|Any CPU.ActiveCfg = Debug|Any CPU
		{B93D41E2-9DB5-44B0-AD45-B66EDEC4CAE4}.Debug|Any CPU.Build.0 = Debug|Any CPU
		{B93D41E2-9DB5-44B0-AD45-B66EDEC4CAE4}.Release|Any CPU.ActiveCfg = Release|Any CPU
		{B93D41E2-9DB5-44B0-AD45-B66EDEC4CAE4}.Release|Any CPU.Build.0 = Release|Any CPU
		{9E3BB57E-785D-415C-A37A-F29F7E5F01DC}.Debug|Any CPU.ActiveCfg = Debug|Any CPU
		{9E3BB57E-785D-415C-A37A-F29F7E5F01DC}.Debug|Any CPU.Build.0 = Debug|Any CPU
		{9E3BB57E-785D-415C-A37A-F29F7E5F01DC}.Release|Any CPU.ActiveCfg = Release|Any CPU
		{9E3BB57E-785D-415C-A37A-F29F7E5F01DC}.Release|Any CPU.Build.0 = Release|Any CPU
		{EBC6DF39-AC4B-47F7-AA49-7A006C581FFE}.Debug|Any CPU.ActiveCfg = Debug|Any CPU
		{EBC6DF39-AC4B-47F7-AA49-7A006C581FFE}.Debug|Any CPU.Build.0 = Debug|Any CPU
		{EBC6DF39-AC4B-47F7-AA49-7A006C581FFE}.Release|Any CPU.ActiveCfg = Release|Any CPU
		{EBC6DF39-AC4B-47F7-AA49-7A006C581FFE}.Release|Any CPU.Build.0 = Release|Any CPU
		{C37EDE81-9FFD-445E-994A-9FCBFEEB4F8F}.Debug|Any CPU.ActiveCfg = Debug|Any CPU
		{C37EDE81-9FFD-445E-994A-9FCBFEEB4F8F}.Debug|Any CPU.Build.0 = Debug|Any CPU
		{C37EDE81-9FFD-445E-994A-9FCBFEEB4F8F}.Release|Any CPU.ActiveCfg = Release|Any CPU
		{C37EDE81-9FFD-445E-994A-9FCBFEEB4F8F}.Release|Any CPU.Build.0 = Release|Any CPU
		{36C51DBE-A282-4799-82DE-2DE0F922061C}.Debug|Any CPU.ActiveCfg = Debug|Any CPU
		{36C51DBE-A282-4799-82DE-2DE0F922061C}.Debug|Any CPU.Build.0 = Debug|Any CPU
		{36C51DBE-A282-4799-82DE-2DE0F922061C}.Release|Any CPU.ActiveCfg = Release|Any CPU
		{36C51DBE-A282-4799-82DE-2DE0F922061C}.Release|Any CPU.Build.0 = Release|Any CPU
		{33816E01-0D28-4179-BC0C-148AE304DD31}.Debug|Any CPU.ActiveCfg = Debug|Any CPU
		{33816E01-0D28-4179-BC0C-148AE304DD31}.Debug|Any CPU.Build.0 = Debug|Any CPU
		{33816E01-0D28-4179-BC0C-148AE304DD31}.Release|Any CPU.ActiveCfg = Release|Any CPU
		{33816E01-0D28-4179-BC0C-148AE304DD31}.Release|Any CPU.Build.0 = Release|Any CPU
		{4976DE78-9077-4657-A61E-FF8FAC2C8D01}.Debug|Any CPU.ActiveCfg = Debug|Any CPU
		{4976DE78-9077-4657-A61E-FF8FAC2C8D01}.Debug|Any CPU.Build.0 = Debug|Any CPU
		{4976DE78-9077-4657-A61E-FF8FAC2C8D01}.Release|Any CPU.ActiveCfg = Release|Any CPU
		{4976DE78-9077-4657-A61E-FF8FAC2C8D01}.Release|Any CPU.Build.0 = Release|Any CPU
		{BE8A579E-74C4-4D09-A8EF-124E0D497D6F}.Debug|Any CPU.ActiveCfg = Debug|Any CPU
		{BE8A579E-74C4-4D09-A8EF-124E0D497D6F}.Debug|Any CPU.Build.0 = Debug|Any CPU
		{BE8A579E-74C4-4D09-A8EF-124E0D497D6F}.Release|Any CPU.ActiveCfg = Release|Any CPU
		{BE8A579E-74C4-4D09-A8EF-124E0D497D6F}.Release|Any CPU.Build.0 = Release|Any CPU
		{D4600A1C-A4C1-45DB-B509-4A0127E769C5}.Debug|Any CPU.ActiveCfg = Debug|Any CPU
		{D4600A1C-A4C1-45DB-B509-4A0127E769C5}.Debug|Any CPU.Build.0 = Debug|Any CPU
		{D4600A1C-A4C1-45DB-B509-4A0127E769C5}.Release|Any CPU.ActiveCfg = Release|Any CPU
		{D4600A1C-A4C1-45DB-B509-4A0127E769C5}.Release|Any CPU.Build.0 = Release|Any CPU
		{C2BABD9E-32EA-4662-BF7C-7D964461F670}.Debug|Any CPU.ActiveCfg = Debug|Any CPU
		{C2BABD9E-32EA-4662-BF7C-7D964461F670}.Debug|Any CPU.Build.0 = Debug|Any CPU
		{C2BABD9E-32EA-4662-BF7C-7D964461F670}.Release|Any CPU.ActiveCfg = Release|Any CPU
		{C2BABD9E-32EA-4662-BF7C-7D964461F670}.Release|Any CPU.Build.0 = Release|Any CPU
		{777425A2-3F83-4DB4-990F-24D3B4601F39}.Debug|Any CPU.ActiveCfg = Debug|Any CPU
		{777425A2-3F83-4DB4-990F-24D3B4601F39}.Debug|Any CPU.Build.0 = Debug|Any CPU
		{777425A2-3F83-4DB4-990F-24D3B4601F39}.Release|Any CPU.ActiveCfg = Release|Any CPU
		{777425A2-3F83-4DB4-990F-24D3B4601F39}.Release|Any CPU.Build.0 = Release|Any CPU
		{D700186B-5CC1-477C-AE43-E1D089D687F9}.Debug|Any CPU.ActiveCfg = Debug|Any CPU
		{D700186B-5CC1-477C-AE43-E1D089D687F9}.Debug|Any CPU.Build.0 = Debug|Any CPU
		{D700186B-5CC1-477C-AE43-E1D089D687F9}.Release|Any CPU.ActiveCfg = Release|Any CPU
		{D700186B-5CC1-477C-AE43-E1D089D687F9}.Release|Any CPU.Build.0 = Release|Any CPU
		{D34B8779-DAB7-4311-BF1F-EEF2098052D6}.Debug|Any CPU.ActiveCfg = Debug|Any CPU
		{D34B8779-DAB7-4311-BF1F-EEF2098052D6}.Debug|Any CPU.Build.0 = Debug|Any CPU
		{D34B8779-DAB7-4311-BF1F-EEF2098052D6}.Release|Any CPU.ActiveCfg = Release|Any CPU
		{D34B8779-DAB7-4311-BF1F-EEF2098052D6}.Release|Any CPU.Build.0 = Release|Any CPU
		{649C3397-8AE5-4CE5-85D5-06765EB9F65A}.Debug|Any CPU.ActiveCfg = Debug|Any CPU
		{649C3397-8AE5-4CE5-85D5-06765EB9F65A}.Debug|Any CPU.Build.0 = Debug|Any CPU
		{649C3397-8AE5-4CE5-85D5-06765EB9F65A}.Release|Any CPU.ActiveCfg = Release|Any CPU
		{649C3397-8AE5-4CE5-85D5-06765EB9F65A}.Release|Any CPU.Build.0 = Release|Any CPU
		{D48CB11C-AC88-4486-9E5F-1C597EE0F38D}.Debug|Any CPU.ActiveCfg = Debug|Any CPU
		{D48CB11C-AC88-4486-9E5F-1C597EE0F38D}.Debug|Any CPU.Build.0 = Debug|Any CPU
		{D48CB11C-AC88-4486-9E5F-1C597EE0F38D}.Release|Any CPU.ActiveCfg = Release|Any CPU
		{D48CB11C-AC88-4486-9E5F-1C597EE0F38D}.Release|Any CPU.Build.0 = Release|Any CPU
		{E3396940-7592-4BBA-AD44-87DDD930F069}.Debug|Any CPU.ActiveCfg = Debug|Any CPU
		{E3396940-7592-4BBA-AD44-87DDD930F069}.Debug|Any CPU.Build.0 = Debug|Any CPU
		{E3396940-7592-4BBA-AD44-87DDD930F069}.Release|Any CPU.ActiveCfg = Release|Any CPU
		{E3396940-7592-4BBA-AD44-87DDD930F069}.Release|Any CPU.Build.0 = Release|Any CPU
		{78BB78D3-B95D-4ED6-88B7-38062D0F8469}.Debug|Any CPU.ActiveCfg = Debug|Any CPU
		{78BB78D3-B95D-4ED6-88B7-38062D0F8469}.Debug|Any CPU.Build.0 = Debug|Any CPU
		{78BB78D3-B95D-4ED6-88B7-38062D0F8469}.Release|Any CPU.ActiveCfg = Release|Any CPU
		{78BB78D3-B95D-4ED6-88B7-38062D0F8469}.Release|Any CPU.Build.0 = Release|Any CPU
		{74961DDF-81A3-4422-8123-34F8782019D2}.Debug|Any CPU.ActiveCfg = Debug|Any CPU
		{74961DDF-81A3-4422-8123-34F8782019D2}.Debug|Any CPU.Build.0 = Debug|Any CPU
		{74961DDF-81A3-4422-8123-34F8782019D2}.Release|Any CPU.ActiveCfg = Release|Any CPU
		{74961DDF-81A3-4422-8123-34F8782019D2}.Release|Any CPU.Build.0 = Release|Any CPU
		{4DAC0E7B-C80F-48C0-B9EA-B5BB22153555}.Debug|Any CPU.ActiveCfg = Debug|Any CPU
		{4DAC0E7B-C80F-48C0-B9EA-B5BB22153555}.Debug|Any CPU.Build.0 = Debug|Any CPU
		{4DAC0E7B-C80F-48C0-B9EA-B5BB22153555}.Release|Any CPU.ActiveCfg = Release|Any CPU
		{4DAC0E7B-C80F-48C0-B9EA-B5BB22153555}.Release|Any CPU.Build.0 = Release|Any CPU
		{16C383D8-203C-4060-A951-7D447BC108C7}.Debug|Any CPU.ActiveCfg = Debug|Any CPU
		{16C383D8-203C-4060-A951-7D447BC108C7}.Debug|Any CPU.Build.0 = Debug|Any CPU
		{16C383D8-203C-4060-A951-7D447BC108C7}.Release|Any CPU.ActiveCfg = Release|Any CPU
		{16C383D8-203C-4060-A951-7D447BC108C7}.Release|Any CPU.Build.0 = Release|Any CPU
		{203DD431-B311-437D-87A1-C5C27C1C0129}.Debug|Any CPU.ActiveCfg = Debug|Any CPU
		{203DD431-B311-437D-87A1-C5C27C1C0129}.Debug|Any CPU.Build.0 = Debug|Any CPU
		{203DD431-B311-437D-87A1-C5C27C1C0129}.Release|Any CPU.ActiveCfg = Release|Any CPU
		{203DD431-B311-437D-87A1-C5C27C1C0129}.Release|Any CPU.Build.0 = Release|Any CPU
	EndGlobalSection
	GlobalSection(SolutionProperties) = preSolution
		HideSolutionNode = FALSE
	EndGlobalSection
	GlobalSection(NestedProjects) = preSolution
		{C15007A2-B56B-409C-845D-033FAC88BD28} = {078B4602-971D-4652-93B9-94F2C4380A8C}
		{7F4A3290-F75E-4532-99DE-2300B045E599} = {72F87378-93E9-4893-BE86-61A6723DD348}
		{9CECACE1-9A84-4E9F-8BC7-6C8FA9F00C64} = {72F87378-93E9-4893-BE86-61A6723DD348}
		{5831A5F8-247C-43A5-AD67-13A48087A9D0} = {72F87378-93E9-4893-BE86-61A6723DD348}
		{B93D41E2-9DB5-44B0-AD45-B66EDEC4CAE4} = {72F87378-93E9-4893-BE86-61A6723DD348}
		{9E3BB57E-785D-415C-A37A-F29F7E5F01DC} = {72F87378-93E9-4893-BE86-61A6723DD348}
		{EBC6DF39-AC4B-47F7-AA49-7A006C581FFE} = {72F87378-93E9-4893-BE86-61A6723DD348}
		{C37EDE81-9FFD-445E-994A-9FCBFEEB4F8F} = {72F87378-93E9-4893-BE86-61A6723DD348}
		{36C51DBE-A282-4799-82DE-2DE0F922061C} = {ADF8C7D6-E4EE-4E8A-91D2-143603474EC7}
		{33816E01-0D28-4179-BC0C-148AE304DD31} = {ADF8C7D6-E4EE-4E8A-91D2-143603474EC7}
		{4976DE78-9077-4657-A61E-FF8FAC2C8D01} = {ADF8C7D6-E4EE-4E8A-91D2-143603474EC7}
		{BE8A579E-74C4-4D09-A8EF-124E0D497D6F} = {C8FD0F0C-9C57-4AEC-887D-3105CA866533}
		{D4600A1C-A4C1-45DB-B509-4A0127E769C5} = {04FB00FB-E608-47A1-B1EB-AAF4706AB47A}
		{C2BABD9E-32EA-4662-BF7C-7D964461F670} = {72F87378-93E9-4893-BE86-61A6723DD348}
		{61B860DE-28B3-4AF0-86DF-465AE1D5F20E} = {4B88B263-F583-45FA-8185-8A1388A0A5BD}
		{04FB00FB-E608-47A1-B1EB-AAF4706AB47A} = {61B860DE-28B3-4AF0-86DF-465AE1D5F20E}
		{777425A2-3F83-4DB4-990F-24D3B4601F39} = {406119AC-E813-4C20-979B-DC21AE95A80B}
		{D700186B-5CC1-477C-AE43-E1D089D687F9} = {ADF8C7D6-E4EE-4E8A-91D2-143603474EC7}
		{D34B8779-DAB7-4311-BF1F-EEF2098052D6} = {ADF8C7D6-E4EE-4E8A-91D2-143603474EC7}
		{649C3397-8AE5-4CE5-85D5-06765EB9F65A} = {72F87378-93E9-4893-BE86-61A6723DD348}
		{D48CB11C-AC88-4486-9E5F-1C597EE0F38D} = {ADF8C7D6-E4EE-4E8A-91D2-143603474EC7}
		{E3396940-7592-4BBA-AD44-87DDD930F069} = {72F87378-93E9-4893-BE86-61A6723DD348}
		{78BB78D3-B95D-4ED6-88B7-38062D0F8469} = {ADF8C7D6-E4EE-4E8A-91D2-143603474EC7}
		{72F87378-93E9-4893-BE86-61A6723DD348} = {4B88B263-F583-45FA-8185-8A1388A0A5BD}
		{078B4602-971D-4652-93B9-94F2C4380A8C} = {4B88B263-F583-45FA-8185-8A1388A0A5BD}
		{DB8FBD26-B48B-4B13-A4FE-F666194245AB} = {186F12D9-DAFF-47BC-83E1-33A1BBD2D57F}
		{406119AC-E813-4C20-979B-DC21AE95A80B} = {DB8FBD26-B48B-4B13-A4FE-F666194245AB}
		{ADF8C7D6-E4EE-4E8A-91D2-143603474EC7} = {186F12D9-DAFF-47BC-83E1-33A1BBD2D57F}
		{C8FD0F0C-9C57-4AEC-887D-3105CA866533} = {186F12D9-DAFF-47BC-83E1-33A1BBD2D57F}
		{74961DDF-81A3-4422-8123-34F8782019D2} = {72F87378-93E9-4893-BE86-61A6723DD348}
		{4DAC0E7B-C80F-48C0-B9EA-B5BB22153555} = {72F87378-93E9-4893-BE86-61A6723DD348}
		{16C383D8-203C-4060-A951-7D447BC108C7} = {72F87378-93E9-4893-BE86-61A6723DD348}
		{203DD431-B311-437D-87A1-C5C27C1C0129} = {72F87378-93E9-4893-BE86-61A6723DD348}
	EndGlobalSection
EndGlobal
