
Microsoft Visual Studio Solution File, Format Version 12.00
# Visual Studio 14
VisualStudioVersion = 14.0.25420.1
MinimumVisualStudioVersion = 10.0.40219.1
Project("{2150E333-8FDC-42A3-9474-1A3956D46DE8}") = "Solution Items", "Solution Items", "{A5AF2C2D-FB7D-4AD3-831B-DDFC4A5EF7BD}"
	ProjectSection(SolutionItems) = preProject
		global.json = global.json
		LICENSE.md = LICENSE.md
		README.md = README.md
	EndProjectSection
EndProject
Project("{2150E333-8FDC-42A3-9474-1A3956D46DE8}") = "scripts", "scripts", "{5208A1DE-8F25-4FD7-BBA5-19CF895F5FAE}"
	ProjectSection(SolutionItems) = preProject
		scripts\install-full.sql = scripts\install-full.sql
		scripts\install.sql = scripts\install.sql
	EndProjectSection
EndProject
Project("{8BB2217D-0F2D-49D1-97BC-3654ED321F3B}") = "Weapsy", "src\Weapsy\Weapsy.xproj", "{C15007A2-B56B-409C-845D-033FAC88BD28}"
EndProject
Project("{2150E333-8FDC-42A3-9474-1A3956D46DE8}") = "src", "src", "{4B88B263-F583-45FA-8185-8A1388A0A5BD}"
EndProject
Project("{2150E333-8FDC-42A3-9474-1A3956D46DE8}") = "tests", "tests", "{186F12D9-DAFF-47BC-83E1-33A1BBD2D57F}"
EndProject
Project("{8BB2217D-0F2D-49D1-97BC-3654ED321F3B}") = "Weapsy.Services", "src\Weapsy.Services\Weapsy.Services.xproj", "{7F4A3290-F75E-4532-99DE-2300B045E599}"
EndProject
Project("{8BB2217D-0F2D-49D1-97BC-3654ED321F3B}") = "Weapsy.Core", "src\Weapsy.Core\Weapsy.Core.xproj", "{E67AA152-E570-42FF-8242-1DF630E403C9}"
EndProject
Project("{8BB2217D-0F2D-49D1-97BC-3654ED321F3B}") = "Weapsy.Domain", "src\Weapsy.Domain\Weapsy.Domain.xproj", "{9CECACE1-9A84-4E9F-8BC7-6C8FA9F00C64}"
EndProject
Project("{8BB2217D-0F2D-49D1-97BC-3654ED321F3B}") = "Weapsy.DependencyConfigurator", "src\Weapsy.DependencyConfigurator\Weapsy.DependencyConfigurator.xproj", "{5831A5F8-247C-43A5-AD67-13A48087A9D0}"
EndProject
Project("{8BB2217D-0F2D-49D1-97BC-3654ED321F3B}") = "Weapsy.Domain.Data.SqlServer", "src\Weapsy.Domain.Data.SqlServer\Weapsy.Domain.Data.SqlServer.xproj", "{B93D41E2-9DB5-44B0-AD45-B66EDEC4CAE4}"
EndProject
Project("{8BB2217D-0F2D-49D1-97BC-3654ED321F3B}") = "Weapsy.Domain.EventStore.SqlServer", "src\Weapsy.Domain.EventStore.SqlServer\Weapsy.Domain.EventStore.SqlServer.xproj", "{9E3BB57E-785D-415C-A37A-F29F7E5F01DC}"
EndProject
Project("{8BB2217D-0F2D-49D1-97BC-3654ED321F3B}") = "Weapsy.Reporting", "src\Weapsy.Reporting\Weapsy.Reporting.xproj", "{EBC6DF39-AC4B-47F7-AA49-7A006C581FFE}"
EndProject
Project("{8BB2217D-0F2D-49D1-97BC-3654ED321F3B}") = "Weapsy.Reporting.Data.Default", "src\Weapsy.Reporting.Data.Default\Weapsy.Reporting.Data.Default.xproj", "{C37EDE81-9FFD-445E-994A-9FCBFEEB4F8F}"
EndProject
Project("{8BB2217D-0F2D-49D1-97BC-3654ED321F3B}") = "Weapsy.Core.Tests", "tests\Weapsy.Core.Tests\Weapsy.Core.Tests.xproj", "{1874B3D3-AFBF-4CCB-892A-47C3CE290BD9}"
EndProject
Project("{8BB2217D-0F2D-49D1-97BC-3654ED321F3B}") = "Weapsy.Domain.Data.SqlServer.Tests", "tests\Weapsy.Domain.Data.SqlServer.Tests\Weapsy.Domain.Data.SqlServer.Tests.xproj", "{36C51DBE-A282-4799-82DE-2DE0F922061C}"
EndProject
Project("{8BB2217D-0F2D-49D1-97BC-3654ED321F3B}") = "Weapsy.Domain.Tests", "tests\Weapsy.Domain.Tests\Weapsy.Domain.Tests.xproj", "{33816E01-0D28-4179-BC0C-148AE304DD31}"
EndProject
Project("{8BB2217D-0F2D-49D1-97BC-3654ED321F3B}") = "Weapsy.Reporting.Data.Default.Tests", "tests\Weapsy.Reporting.Data.Default.Tests\Weapsy.Reporting.Data.Default.Tests.xproj", "{4976DE78-9077-4657-A61E-FF8FAC2C8D01}"
EndProject
Project("{8BB2217D-0F2D-49D1-97BC-3654ED321F3B}") = "Weapsy.Tests", "tests\Weapsy.Tests\Weapsy.Tests.xproj", "{BE8A579E-74C4-4D09-A8EF-124E0D497D6F}"
EndProject
Project("{8BB2217D-0F2D-49D1-97BC-3654ED321F3B}") = "Weapsy.Apps.Text", "apps\text\src\Weapsy.Apps.Text\Weapsy.Apps.Text.xproj", "{D4600A1C-A4C1-45DB-B509-4A0127E769C5}"
EndProject
Project("{8BB2217D-0F2D-49D1-97BC-3654ED321F3B}") = "Weapsy.Mvc", "src\Weapsy.Mvc\Weapsy.Mvc.xproj", "{C2BABD9E-32EA-4662-BF7C-7D964461F670}"
EndProject
Project("{8BB2217D-0F2D-49D1-97BC-3654ED321F3B}") = "Weapsy.Apps.Text.Data.SqlServer", "apps\text\src\Weapsy.Apps.Text.Data.SqlServer\Weapsy.Apps.Text.Data.SqlServer.xproj", "{8722E1F2-F940-4810-8B7A-FF0FCFE8B8E1}"
EndProject
Project("{2150E333-8FDC-42A3-9474-1A3956D46DE8}") = "apps", "apps", "{61B860DE-28B3-4AF0-86DF-465AE1D5F20E}"
EndProject
Project("{2150E333-8FDC-42A3-9474-1A3956D46DE8}") = "text", "text", "{04FB00FB-E608-47A1-B1EB-AAF4706AB47A}"
EndProject
Project("{2150E333-8FDC-42A3-9474-1A3956D46DE8}") = "src", "src", "{A909C5DC-B242-4A18-A543-32FFA4D0FB94}"
EndProject
Project("{2150E333-8FDC-42A3-9474-1A3956D46DE8}") = "tests", "tests", "{46196B8E-16D2-4454-AF4A-96CC49C3725B}"
EndProject
Project("{8BB2217D-0F2D-49D1-97BC-3654ED321F3B}") = "Weapsy.Apps.Text.DependencyConfigurator", "apps\text\src\Weapsy.Apps.Text.DependencyConfigurator\Weapsy.Apps.Text.DependencyConfigurator.xproj", "{D1F5470F-1B84-4ED8-A351-501FB2B3556D}"
EndProject
Project("{2150E333-8FDC-42A3-9474-1A3956D46DE8}") = "scripts", "scripts", "{75B863D8-1CBF-46D2-ACCD-E46071FEE6DF}"
	ProjectSection(SolutionItems) = preProject
		apps\text\scripts\text.sql = apps\text\scripts\text.sql
	EndProjectSection
EndProject
Project("{8BB2217D-0F2D-49D1-97BC-3654ED321F3B}") = "Weapsy.Apps.Text.Tests", "apps\text\tests\Weapsy.Apps.Text.Tests\Weapsy.Apps.Text.Tests.xproj", "{777425A2-3F83-4DB4-990F-24D3B4601F39}"
EndProject
Project("{8BB2217D-0F2D-49D1-97BC-3654ED321F3B}") = "Weapsy.Apps.Text.Data.SqlServer.Tests", "apps\text\tests\Weapsy.Apps.Text.Data.SqlServer.Tests\Weapsy.Apps.Text.Data.SqlServer.Tests.xproj", "{40011C9C-0647-40AF-AC65-D2BD7F66D2A7}"
EndProject
Project("{8BB2217D-0F2D-49D1-97BC-3654ED321F3B}") = "Weapsy.Tests.Factories", "tests\Weapsy.Tests.Factories\Weapsy.Tests.Factories.xproj", "{D700186B-5CC1-477C-AE43-E1D089D687F9}"
EndProject
Project("{2150E333-8FDC-42A3-9474-1A3956D46DE8}") = "blog", "blog", "{738801F8-08EF-43F2-9B1A-A7CCCC256AAD}"
EndProject
Project("{2150E333-8FDC-42A3-9474-1A3956D46DE8}") = "src", "src", "{CAFE6871-1454-41C8-A101-EEB0FE1B682A}"
EndProject
Project("{2150E333-8FDC-42A3-9474-1A3956D46DE8}") = "tests", "tests", "{D5E63DF2-A585-453A-A6CC-C428476B8919}"
EndProject
Project("{8BB2217D-0F2D-49D1-97BC-3654ED321F3B}") = "Weapsy.Apps.Blog", "apps\blog\src\Weapsy.Apps.Blog\Weapsy.Apps.Blog.xproj", "{5F771DE0-3DCA-435E-A732-55663E17B2BE}"
EndProject
Project("{8BB2217D-0F2D-49D1-97BC-3654ED321F3B}") = "Weapsy.Apps.Blog.Tests", "apps\blog\tests\Weapsy.Apps.Blog.Tests\Weapsy.Apps.Blog.Tests.xproj", "{80B335AE-D7D6-41CC-85ED-82738F5DA1ED}"
EndProject
Global
	GlobalSection(SolutionConfigurationPlatforms) = preSolution
		Debug|Any CPU = Debug|Any CPU
		Release|Any CPU = Release|Any CPU
	EndGlobalSection
	GlobalSection(ProjectConfigurationPlatforms) = postSolution
		{C15007A2-B56B-409C-845D-033FAC88BD28}.Debug|Any CPU.ActiveCfg = Debug|Any CPU
		{C15007A2-B56B-409C-845D-033FAC88BD28}.Debug|Any CPU.Build.0 = Debug|Any CPU
		{C15007A2-B56B-409C-845D-033FAC88BD28}.Release|Any CPU.ActiveCfg = Release|Any CPU
		{C15007A2-B56B-409C-845D-033FAC88BD28}.Release|Any CPU.Build.0 = Release|Any CPU
		{7F4A3290-F75E-4532-99DE-2300B045E599}.Debug|Any CPU.ActiveCfg = Debug|Any CPU
		{7F4A3290-F75E-4532-99DE-2300B045E599}.Debug|Any CPU.Build.0 = Debug|Any CPU
		{7F4A3290-F75E-4532-99DE-2300B045E599}.Release|Any CPU.ActiveCfg = Release|Any CPU
		{7F4A3290-F75E-4532-99DE-2300B045E599}.Release|Any CPU.Build.0 = Release|Any CPU
		{E67AA152-E570-42FF-8242-1DF630E403C9}.Debug|Any CPU.ActiveCfg = Debug|Any CPU
		{E67AA152-E570-42FF-8242-1DF630E403C9}.Debug|Any CPU.Build.0 = Debug|Any CPU
		{E67AA152-E570-42FF-8242-1DF630E403C9}.Release|Any CPU.ActiveCfg = Release|Any CPU
		{E67AA152-E570-42FF-8242-1DF630E403C9}.Release|Any CPU.Build.0 = Release|Any CPU
		{9CECACE1-9A84-4E9F-8BC7-6C8FA9F00C64}.Debug|Any CPU.ActiveCfg = Debug|Any CPU
		{9CECACE1-9A84-4E9F-8BC7-6C8FA9F00C64}.Debug|Any CPU.Build.0 = Debug|Any CPU
		{9CECACE1-9A84-4E9F-8BC7-6C8FA9F00C64}.Release|Any CPU.ActiveCfg = Release|Any CPU
		{9CECACE1-9A84-4E9F-8BC7-6C8FA9F00C64}.Release|Any CPU.Build.0 = Release|Any CPU
		{5831A5F8-247C-43A5-AD67-13A48087A9D0}.Debug|Any CPU.ActiveCfg = Debug|Any CPU
		{5831A5F8-247C-43A5-AD67-13A48087A9D0}.Debug|Any CPU.Build.0 = Debug|Any CPU
		{5831A5F8-247C-43A5-AD67-13A48087A9D0}.Release|Any CPU.ActiveCfg = Release|Any CPU
		{5831A5F8-247C-43A5-AD67-13A48087A9D0}.Release|Any CPU.Build.0 = Release|Any CPU
		{B93D41E2-9DB5-44B0-AD45-B66EDEC4CAE4}.Debug|Any CPU.ActiveCfg = Debug|Any CPU
		{B93D41E2-9DB5-44B0-AD45-B66EDEC4CAE4}.Debug|Any CPU.Build.0 = Debug|Any CPU
		{B93D41E2-9DB5-44B0-AD45-B66EDEC4CAE4}.Release|Any CPU.ActiveCfg = Release|Any CPU
		{B93D41E2-9DB5-44B0-AD45-B66EDEC4CAE4}.Release|Any CPU.Build.0 = Release|Any CPU
		{9E3BB57E-785D-415C-A37A-F29F7E5F01DC}.Debug|Any CPU.ActiveCfg = Debug|Any CPU
		{9E3BB57E-785D-415C-A37A-F29F7E5F01DC}.Debug|Any CPU.Build.0 = Debug|Any CPU
		{9E3BB57E-785D-415C-A37A-F29F7E5F01DC}.Release|Any CPU.ActiveCfg = Release|Any CPU
		{9E3BB57E-785D-415C-A37A-F29F7E5F01DC}.Release|Any CPU.Build.0 = Release|Any CPU
		{EBC6DF39-AC4B-47F7-AA49-7A006C581FFE}.Debug|Any CPU.ActiveCfg = Debug|Any CPU
		{EBC6DF39-AC4B-47F7-AA49-7A006C581FFE}.Debug|Any CPU.Build.0 = Debug|Any CPU
		{EBC6DF39-AC4B-47F7-AA49-7A006C581FFE}.Release|Any CPU.ActiveCfg = Release|Any CPU
		{EBC6DF39-AC4B-47F7-AA49-7A006C581FFE}.Release|Any CPU.Build.0 = Release|Any CPU
		{C37EDE81-9FFD-445E-994A-9FCBFEEB4F8F}.Debug|Any CPU.ActiveCfg = Debug|Any CPU
		{C37EDE81-9FFD-445E-994A-9FCBFEEB4F8F}.Debug|Any CPU.Build.0 = Debug|Any CPU
		{C37EDE81-9FFD-445E-994A-9FCBFEEB4F8F}.Release|Any CPU.ActiveCfg = Release|Any CPU
		{C37EDE81-9FFD-445E-994A-9FCBFEEB4F8F}.Release|Any CPU.Build.0 = Release|Any CPU
		{1874B3D3-AFBF-4CCB-892A-47C3CE290BD9}.Debug|Any CPU.ActiveCfg = Debug|Any CPU
		{1874B3D3-AFBF-4CCB-892A-47C3CE290BD9}.Debug|Any CPU.Build.0 = Debug|Any CPU
		{1874B3D3-AFBF-4CCB-892A-47C3CE290BD9}.Release|Any CPU.ActiveCfg = Release|Any CPU
		{1874B3D3-AFBF-4CCB-892A-47C3CE290BD9}.Release|Any CPU.Build.0 = Release|Any CPU
		{36C51DBE-A282-4799-82DE-2DE0F922061C}.Debug|Any CPU.ActiveCfg = Debug|Any CPU
		{36C51DBE-A282-4799-82DE-2DE0F922061C}.Debug|Any CPU.Build.0 = Debug|Any CPU
		{36C51DBE-A282-4799-82DE-2DE0F922061C}.Release|Any CPU.ActiveCfg = Release|Any CPU
		{36C51DBE-A282-4799-82DE-2DE0F922061C}.Release|Any CPU.Build.0 = Release|Any CPU
		{33816E01-0D28-4179-BC0C-148AE304DD31}.Debug|Any CPU.ActiveCfg = Debug|Any CPU
		{33816E01-0D28-4179-BC0C-148AE304DD31}.Debug|Any CPU.Build.0 = Debug|Any CPU
		{33816E01-0D28-4179-BC0C-148AE304DD31}.Release|Any CPU.ActiveCfg = Release|Any CPU
		{33816E01-0D28-4179-BC0C-148AE304DD31}.Release|Any CPU.Build.0 = Release|Any CPU
		{4976DE78-9077-4657-A61E-FF8FAC2C8D01}.Debug|Any CPU.ActiveCfg = Debug|Any CPU
		{4976DE78-9077-4657-A61E-FF8FAC2C8D01}.Debug|Any CPU.Build.0 = Debug|Any CPU
		{4976DE78-9077-4657-A61E-FF8FAC2C8D01}.Release|Any CPU.ActiveCfg = Release|Any CPU
		{4976DE78-9077-4657-A61E-FF8FAC2C8D01}.Release|Any CPU.Build.0 = Release|Any CPU
		{BE8A579E-74C4-4D09-A8EF-124E0D497D6F}.Debug|Any CPU.ActiveCfg = Debug|Any CPU
		{BE8A579E-74C4-4D09-A8EF-124E0D497D6F}.Debug|Any CPU.Build.0 = Debug|Any CPU
		{BE8A579E-74C4-4D09-A8EF-124E0D497D6F}.Release|Any CPU.ActiveCfg = Release|Any CPU
		{BE8A579E-74C4-4D09-A8EF-124E0D497D6F}.Release|Any CPU.Build.0 = Release|Any CPU
		{D4600A1C-A4C1-45DB-B509-4A0127E769C5}.Debug|Any CPU.ActiveCfg = Debug|Any CPU
		{D4600A1C-A4C1-45DB-B509-4A0127E769C5}.Debug|Any CPU.Build.0 = Debug|Any CPU
		{D4600A1C-A4C1-45DB-B509-4A0127E769C5}.Release|Any CPU.ActiveCfg = Release|Any CPU
		{D4600A1C-A4C1-45DB-B509-4A0127E769C5}.Release|Any CPU.Build.0 = Release|Any CPU
		{C2BABD9E-32EA-4662-BF7C-7D964461F670}.Debug|Any CPU.ActiveCfg = Debug|Any CPU
		{C2BABD9E-32EA-4662-BF7C-7D964461F670}.Debug|Any CPU.Build.0 = Debug|Any CPU
		{C2BABD9E-32EA-4662-BF7C-7D964461F670}.Release|Any CPU.ActiveCfg = Release|Any CPU
		{C2BABD9E-32EA-4662-BF7C-7D964461F670}.Release|Any CPU.Build.0 = Release|Any CPU
		{8722E1F2-F940-4810-8B7A-FF0FCFE8B8E1}.Debug|Any CPU.ActiveCfg = Debug|Any CPU
		{8722E1F2-F940-4810-8B7A-FF0FCFE8B8E1}.Debug|Any CPU.Build.0 = Debug|Any CPU
		{8722E1F2-F940-4810-8B7A-FF0FCFE8B8E1}.Release|Any CPU.ActiveCfg = Release|Any CPU
		{8722E1F2-F940-4810-8B7A-FF0FCFE8B8E1}.Release|Any CPU.Build.0 = Release|Any CPU
		{D1F5470F-1B84-4ED8-A351-501FB2B3556D}.Debug|Any CPU.ActiveCfg = Debug|Any CPU
		{D1F5470F-1B84-4ED8-A351-501FB2B3556D}.Debug|Any CPU.Build.0 = Debug|Any CPU
		{D1F5470F-1B84-4ED8-A351-501FB2B3556D}.Release|Any CPU.ActiveCfg = Release|Any CPU
		{D1F5470F-1B84-4ED8-A351-501FB2B3556D}.Release|Any CPU.Build.0 = Release|Any CPU
		{777425A2-3F83-4DB4-990F-24D3B4601F39}.Debug|Any CPU.ActiveCfg = Debug|Any CPU
		{777425A2-3F83-4DB4-990F-24D3B4601F39}.Debug|Any CPU.Build.0 = Debug|Any CPU
		{777425A2-3F83-4DB4-990F-24D3B4601F39}.Release|Any CPU.ActiveCfg = Release|Any CPU
		{777425A2-3F83-4DB4-990F-24D3B4601F39}.Release|Any CPU.Build.0 = Release|Any CPU
		{40011C9C-0647-40AF-AC65-D2BD7F66D2A7}.Debug|Any CPU.ActiveCfg = Debug|Any CPU
		{40011C9C-0647-40AF-AC65-D2BD7F66D2A7}.Debug|Any CPU.Build.0 = Debug|Any CPU
		{40011C9C-0647-40AF-AC65-D2BD7F66D2A7}.Release|Any CPU.ActiveCfg = Release|Any CPU
		{40011C9C-0647-40AF-AC65-D2BD7F66D2A7}.Release|Any CPU.Build.0 = Release|Any CPU
		{D700186B-5CC1-477C-AE43-E1D089D687F9}.Debug|Any CPU.ActiveCfg = Debug|Any CPU
		{D700186B-5CC1-477C-AE43-E1D089D687F9}.Debug|Any CPU.Build.0 = Debug|Any CPU
		{D700186B-5CC1-477C-AE43-E1D089D687F9}.Release|Any CPU.ActiveCfg = Release|Any CPU
		{D700186B-5CC1-477C-AE43-E1D089D687F9}.Release|Any CPU.Build.0 = Release|Any CPU
		{5F771DE0-3DCA-435E-A732-55663E17B2BE}.Debug|Any CPU.ActiveCfg = Debug|Any CPU
		{5F771DE0-3DCA-435E-A732-55663E17B2BE}.Debug|Any CPU.Build.0 = Debug|Any CPU
		{5F771DE0-3DCA-435E-A732-55663E17B2BE}.Release|Any CPU.ActiveCfg = Release|Any CPU
		{5F771DE0-3DCA-435E-A732-55663E17B2BE}.Release|Any CPU.Build.0 = Release|Any CPU
		{80B335AE-D7D6-41CC-85ED-82738F5DA1ED}.Debug|Any CPU.ActiveCfg = Debug|Any CPU
		{80B335AE-D7D6-41CC-85ED-82738F5DA1ED}.Debug|Any CPU.Build.0 = Debug|Any CPU
		{80B335AE-D7D6-41CC-85ED-82738F5DA1ED}.Release|Any CPU.ActiveCfg = Release|Any CPU
		{80B335AE-D7D6-41CC-85ED-82738F5DA1ED}.Release|Any CPU.Build.0 = Release|Any CPU
	EndGlobalSection
	GlobalSection(SolutionProperties) = preSolution
		HideSolutionNode = FALSE
	EndGlobalSection
	GlobalSection(NestedProjects) = preSolution
		{C15007A2-B56B-409C-845D-033FAC88BD28} = {4B88B263-F583-45FA-8185-8A1388A0A5BD}
		{7F4A3290-F75E-4532-99DE-2300B045E599} = {4B88B263-F583-45FA-8185-8A1388A0A5BD}
		{E67AA152-E570-42FF-8242-1DF630E403C9} = {4B88B263-F583-45FA-8185-8A1388A0A5BD}
		{9CECACE1-9A84-4E9F-8BC7-6C8FA9F00C64} = {4B88B263-F583-45FA-8185-8A1388A0A5BD}
		{5831A5F8-247C-43A5-AD67-13A48087A9D0} = {4B88B263-F583-45FA-8185-8A1388A0A5BD}
		{B93D41E2-9DB5-44B0-AD45-B66EDEC4CAE4} = {4B88B263-F583-45FA-8185-8A1388A0A5BD}
		{9E3BB57E-785D-415C-A37A-F29F7E5F01DC} = {4B88B263-F583-45FA-8185-8A1388A0A5BD}
		{EBC6DF39-AC4B-47F7-AA49-7A006C581FFE} = {4B88B263-F583-45FA-8185-8A1388A0A5BD}
		{C37EDE81-9FFD-445E-994A-9FCBFEEB4F8F} = {4B88B263-F583-45FA-8185-8A1388A0A5BD}
		{1874B3D3-AFBF-4CCB-892A-47C3CE290BD9} = {186F12D9-DAFF-47BC-83E1-33A1BBD2D57F}
		{36C51DBE-A282-4799-82DE-2DE0F922061C} = {186F12D9-DAFF-47BC-83E1-33A1BBD2D57F}
		{33816E01-0D28-4179-BC0C-148AE304DD31} = {186F12D9-DAFF-47BC-83E1-33A1BBD2D57F}
		{4976DE78-9077-4657-A61E-FF8FAC2C8D01} = {186F12D9-DAFF-47BC-83E1-33A1BBD2D57F}
		{BE8A579E-74C4-4D09-A8EF-124E0D497D6F} = {186F12D9-DAFF-47BC-83E1-33A1BBD2D57F}
		{D4600A1C-A4C1-45DB-B509-4A0127E769C5} = {A909C5DC-B242-4A18-A543-32FFA4D0FB94}
		{C2BABD9E-32EA-4662-BF7C-7D964461F670} = {4B88B263-F583-45FA-8185-8A1388A0A5BD}
		{8722E1F2-F940-4810-8B7A-FF0FCFE8B8E1} = {A909C5DC-B242-4A18-A543-32FFA4D0FB94}
		{04FB00FB-E608-47A1-B1EB-AAF4706AB47A} = {61B860DE-28B3-4AF0-86DF-465AE1D5F20E}
		{A909C5DC-B242-4A18-A543-32FFA4D0FB94} = {04FB00FB-E608-47A1-B1EB-AAF4706AB47A}
		{46196B8E-16D2-4454-AF4A-96CC49C3725B} = {04FB00FB-E608-47A1-B1EB-AAF4706AB47A}
		{D1F5470F-1B84-4ED8-A351-501FB2B3556D} = {A909C5DC-B242-4A18-A543-32FFA4D0FB94}
		{75B863D8-1CBF-46D2-ACCD-E46071FEE6DF} = {04FB00FB-E608-47A1-B1EB-AAF4706AB47A}
		{777425A2-3F83-4DB4-990F-24D3B4601F39} = {46196B8E-16D2-4454-AF4A-96CC49C3725B}
		{40011C9C-0647-40AF-AC65-D2BD7F66D2A7} = {46196B8E-16D2-4454-AF4A-96CC49C3725B}
		{D700186B-5CC1-477C-AE43-E1D089D687F9} = {186F12D9-DAFF-47BC-83E1-33A1BBD2D57F}
		{738801F8-08EF-43F2-9B1A-A7CCCC256AAD} = {61B860DE-28B3-4AF0-86DF-465AE1D5F20E}
		{CAFE6871-1454-41C8-A101-EEB0FE1B682A} = {738801F8-08EF-43F2-9B1A-A7CCCC256AAD}
		{D5E63DF2-A585-453A-A6CC-C428476B8919} = {738801F8-08EF-43F2-9B1A-A7CCCC256AAD}
		{5F771DE0-3DCA-435E-A732-55663E17B2BE} = {CAFE6871-1454-41C8-A101-EEB0FE1B682A}
		{80B335AE-D7D6-41CC-85ED-82738F5DA1ED} = {D5E63DF2-A585-453A-A6CC-C428476B8919}
	EndGlobalSection
EndGlobal
